
Microsoft Visual Studio Solution File, Format Version 12.00
# Visual Studio Version 17
VisualStudioVersion = 17.5.002.0
MinimumVisualStudioVersion = 10.0.40219.1
Project("{9A19103F-16F7-4668-BE54-9A1E7A4F7556}") = "WebApi", "WebApi.csproj", "{9F64F4EE-552F-452E-9F5F-D62ABD9B11C7}"
EndProject
Global
	GlobalSection(SolutionConfigurationPlatforms) = preSolution
		Debug|Any CPU = Debug|Any CPU
		Release|Any CPU = Release|Any CPU
	EndGlobalSection
	GlobalSection(ProjectConfigurationPlatforms) = postSolution
		{9F64F4EE-552F-452E-9F5F-D62ABD9B11C7}.Debug|Any CPU.ActiveCfg = Debug|Any CPU
		{9F64F4EE-552F-452E-9F5F-D62ABD9B11C7}.Debug|Any CPU.Build.0 = Debug|Any CPU
		{9F64F4EE-552F-452E-9F5F-D62ABD9B11C7}.Release|Any CPU.ActiveCfg = Release|Any CPU
		{9F64F4EE-552F-452E-9F5F-D62ABD9B11C7}.Release|Any CPU.Build.0 = Release|Any CPU
	EndGlobalSection
	GlobalSection(SolutionProperties) = preSolution
		HideSolutionNode = FALSE
	EndGlobalSection
	GlobalSection(ExtensibilityGlobals) = postSolution
		SolutionGuid = {2E62AC65-C108-4E90-8C7F-498EAEA78D53}
	EndGlobalSection
EndGlobal
